
Microsoft Visual Studio Solution File, Format Version 12.00
# Visual Studio 15
Project("{FAE04EC0-301F-11D3-BF4B-00C04F79EFBC}") = "avaliacao01_minimomaximolista", "avaliacao01_minimomaximolista\avaliacao01_minimomaximolista.csproj", "{2352B80E-D8B7-4EC0-8D2B-DDF9EBD0B833}"
EndProject
Global
	GlobalSection(SolutionConfigurationPlatforms) = preSolution
		Debug|Any CPU = Debug|Any CPU
		Release|Any CPU = Release|Any CPU
	EndGlobalSection
	GlobalSection(ProjectConfigurationPlatforms) = postSolution
		{2352B80E-D8B7-4EC0-8D2B-DDF9EBD0B833}.Debug|Any CPU.ActiveCfg = Debug|Any CPU
		{2352B80E-D8B7-4EC0-8D2B-DDF9EBD0B833}.Debug|Any CPU.Build.0 = Debug|Any CPU
		{2352B80E-D8B7-4EC0-8D2B-DDF9EBD0B833}.Release|Any CPU.ActiveCfg = Release|Any CPU
		{2352B80E-D8B7-4EC0-8D2B-DDF9EBD0B833}.Release|Any CPU.Build.0 = Release|Any CPU
	EndGlobalSection
EndGlobal
